
Microsoft Visual Studio Solution File, Format Version 12.00
# Visual Studio Version 16
VisualStudioVersion = 16.0.30413.136
MinimumVisualStudioVersion = 10.0.40219.1
Project("{FAE04EC0-301F-11D3-BF4B-00C04F79EFBC}") = "FormApp", "FormApp\FormApp.csproj", "{B9F02637-4272-47E5-84AE-7B58FFA2862B}"
EndProject
Global
	GlobalSection(SolutionConfigurationPlatforms) = preSolution
		Debug|Any CPU = Debug|Any CPU
		Release|Any CPU = Release|Any CPU
	EndGlobalSection
	GlobalSection(ProjectConfigurationPlatforms) = postSolution
		{B9F02637-4272-47E5-84AE-7B58FFA2862B}.Debug|Any CPU.ActiveCfg = Debug|Any CPU
		{B9F02637-4272-47E5-84AE-7B58FFA2862B}.Debug|Any CPU.Build.0 = Debug|Any CPU
		{B9F02637-4272-47E5-84AE-7B58FFA2862B}.Release|Any CPU.ActiveCfg = Release|Any CPU
		{B9F02637-4272-47E5-84AE-7B58FFA2862B}.Release|Any CPU.Build.0 = Release|Any CPU
	EndGlobalSection
	GlobalSection(SolutionProperties) = preSolution
		HideSolutionNode = FALSE
	EndGlobalSection
	GlobalSection(ExtensibilityGlobals) = postSolution
		SolutionGuid = {C5244076-882C-46F1-8AF2-B8865A51DD4F}
	EndGlobalSection
EndGlobal
